# Generated by pub
# See https://www.dartlang.org/tools/pub/glossary#lockfile
packages:
  dquery:
    dependency: "direct main"
    description:
      name: dquery
      url: "https://pub.dartlang.org"
    source: hosted
    version: "1.0.0+1"
  intl:
    dependency: transitive
    description:
      name: intl
      url: "https://pub.dartlang.org"
    source: hosted
    version: "0.15.7"
  js:
    dependency: "direct main"
    description:
      name: js
      url: "https://pub.dartlang.org"
    source: hosted
    version: "0.6.1+1"
  path:
    dependency: transitive
    description:
      name: path
      url: "https://pub.dartlang.org"
    source: hosted
    version: "1.6.2"
sdks:
  dart: ">=2.0.0 <3.0.0"
